Microsoft Visual Studio Solution File, Format Version 12.00
# Visual Studio Version 17
VisualStudioVersion = 17.0.31903.59
MinimumVisualStudioVersion = 10.0.40219.1
Project("{FAE04EC0-301F-11D3-BF4B-00C04F79EFBC}") = "FoundationKit.Domain", "src\FoundationKit.Domain\FoundationKit.Domain.csproj", "{A8B2F5D3-6E11-4D8A-9A71-100000000001}"
EndProject
Project("{FAE04EC0-301F-11D3-BF4B-00C04F79EFBC}") = "FoundationKit.Application", "src\FoundationKit.Application\FoundationKit.Application.csproj", "{A8B2F5D3-6E11-4D8A-9A71-100000000002}"
EndProject
Project("{FAE04EC0-301F-11D3-BF4B-00C04F79EFBC}") = "FoundationKit.Infrastructure", "src\FoundationKit.Infrastructure\FoundationKit.Infrastructure.csproj", "{A8B2F5D3-6E11-4D8A-9A71-100000000003}"
EndProject
Project("{FAE04EC0-301F-11D3-BF4B-00C04F79EFBC}") = "FoundationKit.WebApi", "src\FoundationKit.WebApi\FoundationKit.WebApi.csproj", "{A8B2F5D3-6E11-4D8A-9A71-100000000004}"
EndProject
Project("{FAE04EC0-301F-11D3-BF4B-00C04F79EFBC}") = "FoundationKit.Blazor", "src\FoundationKit.Blazor\FoundationKit.Blazor.csproj", "{A8B2F5D3-6E11-4D8A-9A71-100000000005}"
EndProject
Project("{FAE04EC0-301F-11D3-BF4B-00C04F79EFBC}") = "FoundationKit.Tests", "tests\FoundationKit.Tests\FoundationKit.Tests.csproj", "{A8B2F5D3-6E11-4D8A-9A71-100000000006}"
EndProject
Project("{FAE04EC0-301F-11D3-BF4B-00C04F79EFBC}") = "FoundationKit.Workbench", "samples\FoundationKit.Workbench\FoundationKit.Workbench.csproj", "{A8B2F5D3-6E11-4D8A-9A71-100000000007}"
EndProject
Project("{FAE04EC0-301F-11D3-BF4B-00C04F79EFBC}") = "FoundationKit.Workbench.Tests", "tests\FoundationKit.Workbench.Tests\FoundationKit.Workbench.Tests.csproj", "{A8B2F5D3-6E11-4D8A-9A71-100000000008}"
EndProject
Project("{FAE04EC0-301F-11D3-BF4B-00C04F79EFBC}") = "FoundationKit.CatalogGenerator", "tools\FoundationKit.CatalogGenerator\FoundationKit.CatalogGenerator.csproj", "{A8B2F5D3-6E11-4D8A-9A71-100000000009}"
EndProject
Global
    GlobalSection(SolutionConfigurationPlatforms) = preSolution
        Debug|Any CPU = Debug|Any CPU
        Release|Any CPU = Release|Any CPU
    EndGlobalSection
    GlobalSection(ProjectConfigurationPlatforms) = postSolution
        {A8B2F5D3-6E11-4D8A-9A71-100000000001}.Debug|Any CPU.ActiveCfg = Debug|Any CPU
        {A8B2F5D3-6E11-4D8A-9A71-100000000001}.Debug|Any CPU.Build.0 = Debug|Any CPU
        {A8B2F5D3-6E11-4D8A-9A71-100000000001}.Release|Any CPU.ActiveCfg = Release|Any CPU
        {A8B2F5D3-6E11-4D8A-9A71-100000000001}.Release|Any CPU.Build.0 = Release|Any CPU
        {A8B2F5D3-6E11-4D8A-9A71-100000000002}.Debug|Any CPU.ActiveCfg = Debug|Any CPU
        {A8B2F5D3-6E11-4D8A-9A71-100000000002}.Debug|Any CPU.Build.0 = Debug|Any CPU
        {A8B2F5D3-6E11-4D8A-9A71-100000000002}.Release|Any CPU.ActiveCfg = Release|Any CPU
        {A8B2F5D3-6E11-4D8A-9A71-100000000002}.Release|Any CPU.Build.0 = Release|Any CPU
        {A8B2F5D3-6E11-4D8A-9A71-100000000003}.Debug|Any CPU.ActiveCfg = Debug|Any CPU
        {A8B2F5D3-6E11-4D8A-9A71-100000000003}.Debug|Any CPU.Build.0 = Debug|Any CPU
        {A8B2F5D3-6E11-4D8A-9A71-100000000003}.Release|Any CPU.ActiveCfg = Release|Any CPU
        {A8B2F5D3-6E11-4D8A-9A71-100000000003}.Release|Any CPU.Build.0 = Release|Any CPU
        {A8B2F5D3-6E11-4D8A-9A71-100000000004}.Debug|Any CPU.ActiveCfg = Debug|Any CPU
        {A8B2F5D3-6E11-4D8A-9A71-100000000004}.Debug|Any CPU.Build.0 = Debug|Any CPU
        {A8B2F5D3-6E11-4D8A-9A71-100000000004}.Release|Any CPU.ActiveCfg = Release|Any CPU
        {A8B2F5D3-6E11-4D8A-9A71-100000000004}.Release|Any CPU.Build.0 = Release|Any CPU
        {A8B2F5D3-6E11-4D8A-9A71-100000000005}.Debug|Any CPU.ActiveCfg = Debug|Any CPU
        {A8B2F5D3-6E11-4D8A-9A71-100000000005}.Debug|Any CPU.Build.0 = Debug|Any CPU
        {A8B2F5D3-6E11-4D8A-9A71-100000000005}.Release|Any CPU.ActiveCfg = Release|Any CPU
        {A8B2F5D3-6E11-4D8A-9A71-100000000005}.Release|Any CPU.Build.0 = Release|Any CPU
        {A8B2F5D3-6E11-4D8A-9A71-100000000006}.Debug|Any CPU.ActiveCfg = Debug|Any CPU
        {A8B2F5D3-6E11-4D8A-9A71-100000000006}.Debug|Any CPU.Build.0 = Debug|Any CPU
        {A8B2F5D3-6E11-4D8A-9A71-100000000006}.Release|Any CPU.ActiveCfg = Release|Any CPU
        {A8B2F5D3-6E11-4D8A-9A71-100000000006}.Release|Any CPU.Build.0 = Release|Any CPU
        {A8B2F5D3-6E11-4D8A-9A71-100000000007}.Debug|Any CPU.ActiveCfg = Debug|Any CPU
        {A8B2F5D3-6E11-4D8A-9A71-100000000007}.Debug|Any CPU.Build.0 = Debug|Any CPU
        {A8B2F5D3-6E11-4D8A-9A71-100000000007}.Release|Any CPU.ActiveCfg = Release|Any CPU
        {A8B2F5D3-6E11-4D8A-9A71-100000000007}.Release|Any CPU.Build.0 = Release|Any CPU
        {A8B2F5D3-6E11-4D8A-9A71-100000000008}.Debug|Any CPU.ActiveCfg = Debug|Any CPU
        {A8B2F5D3-6E11-4D8A-9A71-100000000008}.Debug|Any CPU.Build.0 = Debug|Any CPU
        {A8B2F5D3-6E11-4D8A-9A71-100000000008}.Release|Any CPU.ActiveCfg = Release|Any CPU
        {A8B2F5D3-6E11-4D8A-9A71-100000000008}.Release|Any CPU.Build.0 = Release|Any CPU
        {A8B2F5D3-6E11-4D8A-9A71-100000000009}.Debug|Any CPU.ActiveCfg = Debug|Any CPU
        {A8B2F5D3-6E11-4D8A-9A71-100000000009}.Debug|Any CPU.Build.0 = Debug|Any CPU
        {A8B2F5D3-6E11-4D8A-9A71-100000000009}.Release|Any CPU.ActiveCfg = Release|Any CPU
        {A8B2F5D3-6E11-4D8A-9A71-100000000009}.Release|Any CPU.Build.0 = Release|Any CPU
    EndGlobalSection
    GlobalSection(SolutionProperties) = preSolution
        HideSolutionNode = FALSE
    EndGlobalSection
EndGlobal
